
Microsoft Visual Studio Solution File, Format Version 12.00
# Visual Studio Version 16
VisualStudioVersion = 16.0.31019.35
MinimumVisualStudioVersion = 10.0.40219.1
Project("{9A19103F-16F7-4668-BE54-9A1E7A4F7556}") = "ConsoleInterface", "ConsoleInterface\ConsoleInterface.csproj", "{459B45B2-4B72-43ED-B527-2A77F24A9B7E}"
EndProject
Project("{9A19103F-16F7-4668-BE54-9A1E7A4F7556}") = "PuzzleSolutionsTests", "PuzzleSolutionsTests\PuzzleSolutionsTests.csproj", "{58D42AAA-B3E0-4A0C-A0FE-10AC632F1E32}"
EndProject
Project("{FAE04EC0-301F-11D3-BF4B-00C04F79EFBC}") = "PuzzleSolutions", "PuzzleSolutions\PuzzleSolutions.csproj", "{427F16EA-9BA3-4AF8-90CA-2C23F96D7222}"
EndProject
Global
	GlobalSection(SolutionConfigurationPlatforms) = preSolution
		Debug|Any CPU = Debug|Any CPU
		Release|Any CPU = Release|Any CPU
	EndGlobalSection
	GlobalSection(ProjectConfigurationPlatforms) = postSolution
		{459B45B2-4B72-43ED-B527-2A77F24A9B7E}.Debug|Any CPU.ActiveCfg = Debug|Any CPU
		{459B45B2-4B72-43ED-B527-2A77F24A9B7E}.Debug|Any CPU.Build.0 = Debug|Any CPU
		{459B45B2-4B72-43ED-B527-2A77F24A9B7E}.Release|Any CPU.ActiveCfg = Release|Any CPU
		{459B45B2-4B72-43ED-B527-2A77F24A9B7E}.Release|Any CPU.Build.0 = Release|Any CPU
		{58D42AAA-B3E0-4A0C-A0FE-10AC632F1E32}.Debug|Any CPU.ActiveCfg = Debug|Any CPU
		{58D42AAA-B3E0-4A0C-A0FE-10AC632F1E32}.Debug|Any CPU.Build.0 = Debug|Any CPU
		{58D42AAA-B3E0-4A0C-A0FE-10AC632F1E32}.Release|Any CPU.ActiveCfg = Release|Any CPU
		{58D42AAA-B3E0-4A0C-A0FE-10AC632F1E32}.Release|Any CPU.Build.0 = Release|Any CPU
		{427F16EA-9BA3-4AF8-90CA-2C23F96D7222}.Debug|Any CPU.ActiveCfg = Debug|Any CPU
		{427F16EA-9BA3-4AF8-90CA-2C23F96D7222}.Debug|Any CPU.Build.0 = Debug|Any CPU
		{427F16EA-9BA3-4AF8-90CA-2C23F96D7222}.Release|Any CPU.ActiveCfg = Release|Any CPU
		{427F16EA-9BA3-4AF8-90CA-2C23F96D7222}.Release|Any CPU.Build.0 = Release|Any CPU
	EndGlobalSection
	GlobalSection(SolutionProperties) = preSolution
		HideSolutionNode = FALSE
	EndGlobalSection
	GlobalSection(ExtensibilityGlobals) = postSolution
		SolutionGuid = {DBC0D535-B8D6-4A7E-ACD1-C61CFF681103}
	EndGlobalSection
EndGlobal
